
Microsoft Visual Studio Solution File, Format Version 12.00
# Visual Studio Version 17
VisualStudioVersion = 17.14.36616.10 d17.14
MinimumVisualStudioVersion = 10.0.40219.1
Project("{FAE04EC0-301F-11D3-BF4B-00C04F79EFBC}") = "упр2", "упр2\упр2.csproj", "{91F0E607-D3EE-4547-A301-AC89DE6ED6F3}"
EndProject
Global
	GlobalSection(SolutionConfigurationPlatforms) = preSolution
		Debug|Any CPU = Debug|Any CPU
		Release|Any CPU = Release|Any CPU
	EndGlobalSection
	GlobalSection(ProjectConfigurationPlatforms) = postSolution
		{91F0E607-D3EE-4547-A301-AC89DE6ED6F3}.Debug|Any CPU.ActiveCfg = Debug|Any CPU
		{91F0E607-D3EE-4547-A301-AC89DE6ED6F3}.Debug|Any CPU.Build.0 = Debug|Any CPU
		{91F0E607-D3EE-4547-A301-AC89DE6ED6F3}.Release|Any CPU.ActiveCfg = Release|Any CPU
		{91F0E607-D3EE-4547-A301-AC89DE6ED6F3}.Release|Any CPU.Build.0 = Release|Any CPU
	EndGlobalSection
	GlobalSection(SolutionProperties) = preSolution
		HideSolutionNode = FALSE
	EndGlobalSection
	GlobalSection(ExtensibilityGlobals) = postSolution
		SolutionGuid = {55D5BE6E-C608-4A80-BF32-6FAA1ED51919}
	EndGlobalSection
EndGlobal
