
Microsoft Visual Studio Solution File, Format Version 12.00
# Visual Studio Version 17
VisualStudioVersion = 17.14.36616.10 d17.14
MinimumVisualStudioVersion = 10.0.40219.1
Project("{FAE04EC0-301F-11D3-BF4B-00C04F79EFBC}") = "algoritms", "algoritms\algoritms.csproj", "{D205059D-1EC9-442C-88A6-6C3E2E2E8DDE}"
EndProject
Global
	GlobalSection(SolutionConfigurationPlatforms) = preSolution
		Debug|Any CPU = Debug|Any CPU
		Release|Any CPU = Release|Any CPU
	EndGlobalSection
	GlobalSection(ProjectConfigurationPlatforms) = postSolution
		{D205059D-1EC9-442C-88A6-6C3E2E2E8DDE}.Debug|Any CPU.ActiveCfg = Debug|Any CPU
		{D205059D-1EC9-442C-88A6-6C3E2E2E8DDE}.Debug|Any CPU.Build.0 = Debug|Any CPU
		{D205059D-1EC9-442C-88A6-6C3E2E2E8DDE}.Release|Any CPU.ActiveCfg = Release|Any CPU
		{D205059D-1EC9-442C-88A6-6C3E2E2E8DDE}.Release|Any CPU.Build.0 = Release|Any CPU
	EndGlobalSection
	GlobalSection(SolutionProperties) = preSolution
		HideSolutionNode = FALSE
	EndGlobalSection
	GlobalSection(ExtensibilityGlobals) = postSolution
		SolutionGuid = {523ED406-F36A-45FF-9DCB-EFB47F238519}
	EndGlobalSection
EndGlobal
