
Microsoft Visual Studio Solution File, Format Version 12.00
# Visual Studio Version 17
VisualStudioVersion = 17.14.36811.4 d17.14
MinimumVisualStudioVersion = 10.0.40219.1
Project("{FAE04EC0-301F-11D3-BF4B-00C04F79EFBC}") = "Белов.Кретики и нолики", "Белов.Кретики и нолики\Белов.Кретики и нолики.csproj", "{6439E372-97C0-46E0-8DB8-6303E2AF01A5}"
EndProject
Global
	GlobalSection(SolutionConfigurationPlatforms) = preSolution
		Debug|Any CPU = Debug|Any CPU
		Release|Any CPU = Release|Any CPU
	EndGlobalSection
	GlobalSection(ProjectConfigurationPlatforms) = postSolution
		{6439E372-97C0-46E0-8DB8-6303E2AF01A5}.Debug|Any CPU.ActiveCfg = Debug|Any CPU
		{6439E372-97C0-46E0-8DB8-6303E2AF01A5}.Debug|Any CPU.Build.0 = Debug|Any CPU
		{6439E372-97C0-46E0-8DB8-6303E2AF01A5}.Release|Any CPU.ActiveCfg = Release|Any CPU
		{6439E372-97C0-46E0-8DB8-6303E2AF01A5}.Release|Any CPU.Build.0 = Release|Any CPU
	EndGlobalSection
	GlobalSection(SolutionProperties) = preSolution
		HideSolutionNode = FALSE
	EndGlobalSection
	GlobalSection(ExtensibilityGlobals) = postSolution
		SolutionGuid = {5DB144A6-640C-4385-89CD-DB24F21271AE}
	EndGlobalSection
EndGlobal
