
Microsoft Visual Studio Solution File, Format Version 12.00
# Visual Studio Version 17
VisualStudioVersion = 17.14.36616.10 d17.14
MinimumVisualStudioVersion = 10.0.40219.1
Project("{FAE04EC0-301F-11D3-BF4B-00C04F79EFBC}") = "упр3", "упр3\упр3.csproj", "{F9A8DDA7-0B8F-4D00-90EF-9F9FD2F9342E}"
EndProject
Global
	GlobalSection(SolutionConfigurationPlatforms) = preSolution
		Debug|Any CPU = Debug|Any CPU
		Release|Any CPU = Release|Any CPU
	EndGlobalSection
	GlobalSection(ProjectConfigurationPlatforms) = postSolution
		{F9A8DDA7-0B8F-4D00-90EF-9F9FD2F9342E}.Debug|Any CPU.ActiveCfg = Debug|Any CPU
		{F9A8DDA7-0B8F-4D00-90EF-9F9FD2F9342E}.Debug|Any CPU.Build.0 = Debug|Any CPU
		{F9A8DDA7-0B8F-4D00-90EF-9F9FD2F9342E}.Release|Any CPU.ActiveCfg = Release|Any CPU
		{F9A8DDA7-0B8F-4D00-90EF-9F9FD2F9342E}.Release|Any CPU.Build.0 = Release|Any CPU
	EndGlobalSection
	GlobalSection(SolutionProperties) = preSolution
		HideSolutionNode = FALSE
	EndGlobalSection
	GlobalSection(ExtensibilityGlobals) = postSolution
		SolutionGuid = {4A50A972-6BC6-42BE-A68C-8637CD49F2D6}
	EndGlobalSection
EndGlobal
